
Microsoft Visual Studio Solution File, Format Version 12.00
# Visual Studio Version 16
VisualStudioVersion = 16.0.32602.291
MinimumVisualStudioVersion = 10.0.40219.1
Project("{FAE04EC0-301F-11D3-BF4B-00C04F79EFBC}") = "harmonics", "harmonics.csproj", "{8C2E0E2F-08B1-4679-BB54-85F5B25D1CD4}"
EndProject
Global
	GlobalSection(SolutionConfigurationPlatforms) = preSolution
		Debug|Any CPU = Debug|Any CPU
		Release|Any CPU = Release|Any CPU
	EndGlobalSection
	GlobalSection(ProjectConfigurationPlatforms) = postSolution
		{8C2E0E2F-08B1-4679-BB54-85F5B25D1CD4}.Debug|Any CPU.ActiveCfg = Debug|Any CPU
		{8C2E0E2F-08B1-4679-BB54-85F5B25D1CD4}.Debug|Any CPU.Build.0 = Debug|Any CPU
		{8C2E0E2F-08B1-4679-BB54-85F5B25D1CD4}.Release|Any CPU.ActiveCfg = Release|Any CPU
		{8C2E0E2F-08B1-4679-BB54-85F5B25D1CD4}.Release|Any CPU.Build.0 = Release|Any CPU
	EndGlobalSection
	GlobalSection(SolutionProperties) = preSolution
		HideSolutionNode = FALSE
	EndGlobalSection
	GlobalSection(ExtensibilityGlobals) = postSolution
		SolutionGuid = {64079CEF-EB7F-4640-A1CE-366B61F2ECA7}
	EndGlobalSection
EndGlobal
